
Microsoft Visual Studio Solution File, Format Version 12.00
# Visual Studio Version 17
VisualStudioVersion = 17.0.31903.59
MinimumVisualStudioVersion = 10.0.40219.1
Project("{FAE04EC0-301F-11D3-BF4B-00C04F79EFBC}") = "Domain", "Domain\Domain.csproj", "{ED1AD220-0203-4878-AE3F-EF3632F733FB}"
EndProject
Project("{FAE04EC0-301F-11D3-BF4B-00C04F79EFBC}") = "Infrastructure", "Infrastructure\Infrastructure.csproj", "{3A53D7A6-4F5F-466D-9000-602F915BBDD7}"
EndProject
Project("{FAE04EC0-301F-11D3-BF4B-00C04F79EFBC}") = "WebApi", "WebApi\WebApi.csproj", "{80D04DB6-FD70-4EDB-AAE9-9700E04E583D}"
EndProject
Global
	GlobalSection(SolutionConfigurationPlatforms) = preSolution
		Debug|Any CPU = Debug|Any CPU
		Release|Any CPU = Release|Any CPU
	EndGlobalSection
	GlobalSection(SolutionProperties) = preSolution
		HideSolutionNode = FALSE
	EndGlobalSection
	GlobalSection(ProjectConfigurationPlatforms) = postSolution
		{ED1AD220-0203-4878-AE3F-EF3632F733FB}.Debug|Any CPU.ActiveCfg = Debug|Any CPU
		{ED1AD220-0203-4878-AE3F-EF3632F733FB}.Debug|Any CPU.Build.0 = Debug|Any CPU
		{ED1AD220-0203-4878-AE3F-EF3632F733FB}.Release|Any CPU.ActiveCfg = Release|Any CPU
		{ED1AD220-0203-4878-AE3F-EF3632F733FB}.Release|Any CPU.Build.0 = Release|Any CPU
		{3A53D7A6-4F5F-466D-9000-602F915BBDD7}.Debug|Any CPU.ActiveCfg = Debug|Any CPU
		{3A53D7A6-4F5F-466D-9000-602F915BBDD7}.Debug|Any CPU.Build.0 = Debug|Any CPU
		{3A53D7A6-4F5F-466D-9000-602F915BBDD7}.Release|Any CPU.ActiveCfg = Release|Any CPU
		{3A53D7A6-4F5F-466D-9000-602F915BBDD7}.Release|Any CPU.Build.0 = Release|Any CPU
		{80D04DB6-FD70-4EDB-AAE9-9700E04E583D}.Debug|Any CPU.ActiveCfg = Debug|Any CPU
		{80D04DB6-FD70-4EDB-AAE9-9700E04E583D}.Debug|Any CPU.Build.0 = Debug|Any CPU
		{80D04DB6-FD70-4EDB-AAE9-9700E04E583D}.Release|Any CPU.ActiveCfg = Release|Any CPU
		{80D04DB6-FD70-4EDB-AAE9-9700E04E583D}.Release|Any CPU.Build.0 = Release|Any CPU
	EndGlobalSection
EndGlobal
